
Microsoft Visual Studio Solution File, Format Version 12.00
# Visual Studio Version 16
VisualStudioVersion = 16.0.32228.343
MinimumVisualStudioVersion = 10.0.40219.1
Project("{FAE04EC0-301F-11D3-BF4B-00C04F79EFBC}") = "BLL", "BLL\BLL.csproj", "{B6B17C4D-29FF-4F7C-B09B-C287C639D854}"
EndProject
Project("{FAE04EC0-301F-11D3-BF4B-00C04F79EFBC}") = "DAL", "DAL\DAL.csproj", "{23EE2260-8860-4788-BF38-17146DBB4478}"
EndProject
Project("{FAE04EC0-301F-11D3-BF4B-00C04F79EFBC}") = "UI", "UI\UI.csproj", "{008C4F83-34D6-4AE3-B5F6-3BA7FF277997}"
EndProject
Global
	GlobalSection(SolutionConfigurationPlatforms) = preSolution
		Debug|Any CPU = Debug|Any CPU
		Release|Any CPU = Release|Any CPU
	EndGlobalSection
	GlobalSection(ProjectConfigurationPlatforms) = postSolution
		{B6B17C4D-29FF-4F7C-B09B-C287C639D854}.Debug|Any CPU.ActiveCfg = Debug|Any CPU
		{B6B17C4D-29FF-4F7C-B09B-C287C639D854}.Debug|Any CPU.Build.0 = Debug|Any CPU
		{B6B17C4D-29FF-4F7C-B09B-C287C639D854}.Release|Any CPU.ActiveCfg = Release|Any CPU
		{B6B17C4D-29FF-4F7C-B09B-C287C639D854}.Release|Any CPU.Build.0 = Release|Any CPU
		{23EE2260-8860-4788-BF38-17146DBB4478}.Debug|Any CPU.ActiveCfg = Debug|Any CPU
		{23EE2260-8860-4788-BF38-17146DBB4478}.Debug|Any CPU.Build.0 = Debug|Any CPU
		{23EE2260-8860-4788-BF38-17146DBB4478}.Release|Any CPU.ActiveCfg = Release|Any CPU
		{23EE2260-8860-4788-BF38-17146DBB4478}.Release|Any CPU.Build.0 = Release|Any CPU
		{008C4F83-34D6-4AE3-B5F6-3BA7FF277997}.Debug|Any CPU.ActiveCfg = Debug|Any CPU
		{008C4F83-34D6-4AE3-B5F6-3BA7FF277997}.Debug|Any CPU.Build.0 = Debug|Any CPU
		{008C4F83-34D6-4AE3-B5F6-3BA7FF277997}.Release|Any CPU.ActiveCfg = Release|Any CPU
		{008C4F83-34D6-4AE3-B5F6-3BA7FF277997}.Release|Any CPU.Build.0 = Release|Any CPU
	EndGlobalSection
	GlobalSection(SolutionProperties) = preSolution
		HideSolutionNode = FALSE
	EndGlobalSection
	GlobalSection(ExtensibilityGlobals) = postSolution
		SolutionGuid = {ED101FB6-AA5C-48B2-8816-1B3A4C577D65}
	EndGlobalSection
EndGlobal
